
Microsoft Visual Studio Solution File, Format Version 12.00
# Visual Studio Version 16
VisualStudioVersion = 16.0.33801.447
MinimumVisualStudioVersion = 10.0.40219.1
Project("{FAE04EC0-301F-11D3-BF4B-00C04F79EFBC}") = "Vidly2", "Vidly2.csproj", "{5B650DF9-A3A8-4666-B0FA-44A44CBA4557}"
EndProject
Global
	GlobalSection(SolutionConfigurationPlatforms) = preSolution
		Debug|Any CPU = Debug|Any CPU
		Release|Any CPU = Release|Any CPU
	EndGlobalSection
	GlobalSection(ProjectConfigurationPlatforms) = postSolution
		{5B650DF9-A3A8-4666-B0FA-44A44CBA4557}.Debug|Any CPU.ActiveCfg = Debug|Any CPU
		{5B650DF9-A3A8-4666-B0FA-44A44CBA4557}.Debug|Any CPU.Build.0 = Debug|Any CPU
		{5B650DF9-A3A8-4666-B0FA-44A44CBA4557}.Release|Any CPU.ActiveCfg = Release|Any CPU
		{5B650DF9-A3A8-4666-B0FA-44A44CBA4557}.Release|Any CPU.Build.0 = Release|Any CPU
	EndGlobalSection
	GlobalSection(SolutionProperties) = preSolution
		HideSolutionNode = FALSE
	EndGlobalSection
	GlobalSection(ExtensibilityGlobals) = postSolution
		SolutionGuid = {0AA2D270-2C74-4794-9CA7-CA4C8D53CF14}
	EndGlobalSection
EndGlobal
